{
  "name": "@petercjl/tradecli",
  "version": "0.2.0-dev.2",
  "lockfileVersion": 3,
  "requires": true,
  "packages": {
    "": {
      "name": "@petercjl/tradecli",
      "version": "0.2.0-dev.2",
      "license": "MIT",
      "bin": {
        "tradecli": "bin/tradecli.mjs"
      },
      "engines": {
        "node": ">=22"
      }
    }
  }
}
